
Microsoft Visual Studio Solution File, Format Version 12.00
# Visual Studio Version 16
VisualStudioVersion = 16.0.30804.86
MinimumVisualStudioVersion = 10.0.40219.1
Project("{2150E333-8FDC-42A3-9474-1A3956D46DE8}") = "Clients", "Clients", "{DFC86366-8A0B-44AC-B631-CB2667FB844F}"
EndProject
Project("{2150E333-8FDC-42A3-9474-1A3956D46DE8}") = "Apigateways", "Apigateways", "{889A3D44-B9F8-4BEB-8451-D0DA98FCFF8B}"
EndProject
Project("{2150E333-8FDC-42A3-9474-1A3956D46DE8}") = "Services", "Services", "{AE6FDF0D-AEDB-48FC-ADB0-53A9ABB50738}"
EndProject
Project("{2150E333-8FDC-42A3-9474-1A3956D46DE8}") = "Identity", "Identity", "{AB2DDBD5-DD9A-490B-8ADD-62BAF6776ED6}"
EndProject
Project("{2150E333-8FDC-42A3-9474-1A3956D46DE8}") = "Catalog", "Catalog", "{909DB4F2-B366-42A1-A5C8-60223AFFA316}"
EndProject
Project("{2150E333-8FDC-42A3-9474-1A3956D46DE8}") = "Customer", "Customer", "{075477C2-7295-4E8F-B8B3-3FEBA305F2FB}"
EndProject
Project("{2150E333-8FDC-42A3-9474-1A3956D46DE8}") = "Order", "Order", "{EA4D0A54-F10A-47CC-8494-7D7C02954848}"
EndProject
Project("{FAE04EC0-301F-11D3-BF4B-00C04F79EFBC}") = "Catalog.Api", "src\Services\Catalog\Catalog.Api\Catalog.Api.csproj", "{9C9C3467-5649-4261-8AAA-A77649EA501E}"
EndProject
Project("{2150E333-8FDC-42A3-9474-1A3956D46DE8}") = "Api", "Api", "{EC85A525-51BE-40DD-95E1-96CE32899B93}"
EndProject
Project("{2150E333-8FDC-42A3-9474-1A3956D46DE8}") = "Services", "Services", "{B4019F4E-28C8-44C5-B663-E9A09BBA2F42}"
EndProject
Project("{2150E333-8FDC-42A3-9474-1A3956D46DE8}") = "Persistence", "Persistence", "{2E53BE15-C01F-4B18-BAF2-4CD17513F4A2}"
EndProject
Project("{2150E333-8FDC-42A3-9474-1A3956D46DE8}") = "Models", "Models", "{54E77296-E42C-4014-87CA-530DE31D8380}"
EndProject
Project("{FAE04EC0-301F-11D3-BF4B-00C04F79EFBC}") = "Catalog.Domain", "src\Services\Catalog\Catalog.Domain\Catalog.Domain.csproj", "{3F6894BF-35D4-4066-8E77-88B78D0D56BA}"
EndProject
Project("{FAE04EC0-301F-11D3-BF4B-00C04F79EFBC}") = "Catalog.Persistence.Database", "src\Services\Catalog\Catalog.Persistence.Database\Catalog.Persistence.Database.csproj", "{3DAB266B-E88F-44E3-9D3F-3AC224217882}"
EndProject
Global
	GlobalSection(SolutionConfigurationPlatforms) = preSolution
		Debug|Any CPU = Debug|Any CPU
		Release|Any CPU = Release|Any CPU
	EndGlobalSection
	GlobalSection(ProjectConfigurationPlatforms) = postSolution
		{9C9C3467-5649-4261-8AAA-A77649EA501E}.Debug|Any CPU.ActiveCfg = Debug|Any CPU
		{9C9C3467-5649-4261-8AAA-A77649EA501E}.Debug|Any CPU.Build.0 = Debug|Any CPU
		{9C9C3467-5649-4261-8AAA-A77649EA501E}.Release|Any CPU.ActiveCfg = Release|Any CPU
		{9C9C3467-5649-4261-8AAA-A77649EA501E}.Release|Any CPU.Build.0 = Release|Any CPU
		{3F6894BF-35D4-4066-8E77-88B78D0D56BA}.Debug|Any CPU.ActiveCfg = Debug|Any CPU
		{3F6894BF-35D4-4066-8E77-88B78D0D56BA}.Debug|Any CPU.Build.0 = Debug|Any CPU
		{3F6894BF-35D4-4066-8E77-88B78D0D56BA}.Release|Any CPU.ActiveCfg = Release|Any CPU
		{3F6894BF-35D4-4066-8E77-88B78D0D56BA}.Release|Any CPU.Build.0 = Release|Any CPU
		{3DAB266B-E88F-44E3-9D3F-3AC224217882}.Debug|Any CPU.ActiveCfg = Debug|Any CPU
		{3DAB266B-E88F-44E3-9D3F-3AC224217882}.Debug|Any CPU.Build.0 = Debug|Any CPU
		{3DAB266B-E88F-44E3-9D3F-3AC224217882}.Release|Any CPU.ActiveCfg = Release|Any CPU
		{3DAB266B-E88F-44E3-9D3F-3AC224217882}.Release|Any CPU.Build.0 = Release|Any CPU
	EndGlobalSection
	GlobalSection(SolutionProperties) = preSolution
		HideSolutionNode = FALSE
	EndGlobalSection
	GlobalSection(NestedProjects) = preSolution
		{AB2DDBD5-DD9A-490B-8ADD-62BAF6776ED6} = {AE6FDF0D-AEDB-48FC-ADB0-53A9ABB50738}
		{909DB4F2-B366-42A1-A5C8-60223AFFA316} = {AE6FDF0D-AEDB-48FC-ADB0-53A9ABB50738}
		{075477C2-7295-4E8F-B8B3-3FEBA305F2FB} = {AE6FDF0D-AEDB-48FC-ADB0-53A9ABB50738}
		{EA4D0A54-F10A-47CC-8494-7D7C02954848} = {AE6FDF0D-AEDB-48FC-ADB0-53A9ABB50738}
		{9C9C3467-5649-4261-8AAA-A77649EA501E} = {EC85A525-51BE-40DD-95E1-96CE32899B93}
		{EC85A525-51BE-40DD-95E1-96CE32899B93} = {909DB4F2-B366-42A1-A5C8-60223AFFA316}
		{B4019F4E-28C8-44C5-B663-E9A09BBA2F42} = {909DB4F2-B366-42A1-A5C8-60223AFFA316}
		{2E53BE15-C01F-4B18-BAF2-4CD17513F4A2} = {909DB4F2-B366-42A1-A5C8-60223AFFA316}
		{54E77296-E42C-4014-87CA-530DE31D8380} = {909DB4F2-B366-42A1-A5C8-60223AFFA316}
		{3F6894BF-35D4-4066-8E77-88B78D0D56BA} = {B4019F4E-28C8-44C5-B663-E9A09BBA2F42}
		{3DAB266B-E88F-44E3-9D3F-3AC224217882} = {2E53BE15-C01F-4B18-BAF2-4CD17513F4A2}
	EndGlobalSection
	GlobalSection(ExtensibilityGlobals) = postSolution
		SolutionGuid = {AB9DFC70-5E96-4BCD-A2AF-F71A0C4923AD}
	EndGlobalSection
EndGlobal
